
Microsoft Visual Studio Solution File, Format Version 12.00
# Visual Studio Version 17
VisualStudioVersion = 17.11.35312.102
MinimumVisualStudioVersion = 10.0.40219.1
Project("{FAE04EC0-301F-11D3-BF4B-00C04F79EFBC}") = "MVC_Sheet_Tutorial", "MVC_Sheet_Tutorial.csproj", "{DF51EC43-8304-4008-B786-2F0239B06902}"
EndProject
Global
	GlobalSection(SolutionConfigurationPlatforms) = preSolution
		Debug|Any CPU = Debug|Any CPU
		Release|Any CPU = Release|Any CPU
	EndGlobalSection
	GlobalSection(ProjectConfigurationPlatforms) = postSolution
		{DF51EC43-8304-4008-B786-2F0239B06902}.Debug|Any CPU.ActiveCfg = Debug|Any CPU
		{DF51EC43-8304-4008-B786-2F0239B06902}.Debug|Any CPU.Build.0 = Debug|Any CPU
		{DF51EC43-8304-4008-B786-2F0239B06902}.Release|Any CPU.ActiveCfg = Release|Any CPU
		{DF51EC43-8304-4008-B786-2F0239B06902}.Release|Any CPU.Build.0 = Release|Any CPU
	EndGlobalSection
	GlobalSection(SolutionProperties) = preSolution
		HideSolutionNode = FALSE
	EndGlobalSection
	GlobalSection(ExtensibilityGlobals) = postSolution
		SolutionGuid = {C2AC7954-1425-4EF1-A668-1710761B8D8B}
	EndGlobalSection
EndGlobal
