
Microsoft Visual Studio Solution File, Format Version 12.00
# Visual Studio Version 17
VisualStudioVersion = 17.11.35219.272
MinimumVisualStudioVersion = 10.0.40219.1
Project("{FAE04EC0-301F-11D3-BF4B-00C04F79EFBC}") = "Getting_Started", "Getting_Started.csproj", "{30EDEEA5-930A-46C9-B653-BDFFA6BBC72F}"
EndProject
Project("{FAE04EC0-301F-11D3-BF4B-00C04F79EFBC}") = "MVCBusinessModels", "..\MVCBusinessModels\MVCBusinessModels.csproj", "{B9DAC87D-A6CD-46F4-8530-4AE969C6CB1D}"
EndProject
Global
	GlobalSection(SolutionConfigurationPlatforms) = preSolution
		Debug|Any CPU = Debug|Any CPU
		Release|Any CPU = Release|Any CPU
	EndGlobalSection
	GlobalSection(ProjectConfigurationPlatforms) = postSolution
		{30EDEEA5-930A-46C9-B653-BDFFA6BBC72F}.Debug|Any CPU.ActiveCfg = Debug|Any CPU
		{30EDEEA5-930A-46C9-B653-BDFFA6BBC72F}.Debug|Any CPU.Build.0 = Debug|Any CPU
		{30EDEEA5-930A-46C9-B653-BDFFA6BBC72F}.Release|Any CPU.ActiveCfg = Release|Any CPU
		{30EDEEA5-930A-46C9-B653-BDFFA6BBC72F}.Release|Any CPU.Build.0 = Release|Any CPU
		{B9DAC87D-A6CD-46F4-8530-4AE969C6CB1D}.Debug|Any CPU.ActiveCfg = Debug|Any CPU
		{B9DAC87D-A6CD-46F4-8530-4AE969C6CB1D}.Debug|Any CPU.Build.0 = Debug|Any CPU
		{B9DAC87D-A6CD-46F4-8530-4AE969C6CB1D}.Release|Any CPU.ActiveCfg = Release|Any CPU
		{B9DAC87D-A6CD-46F4-8530-4AE969C6CB1D}.Release|Any CPU.Build.0 = Release|Any CPU
	EndGlobalSection
	GlobalSection(SolutionProperties) = preSolution
		HideSolutionNode = FALSE
	EndGlobalSection
	GlobalSection(ExtensibilityGlobals) = postSolution
		SolutionGuid = {35B65847-7393-41D8-9BA6-74574C3F00DF}
	EndGlobalSection
EndGlobal
